<?xml version="1.0" encoding="utf-8"?>
<Project ToolsVersion="4.0" xmlns="http://schemas.microsoft.com/developer/msbuild/2003">
  <ItemGroup>
    <Filter Include="imgui">
      <UniqueIdentifier>{315b3d0f-d0fc-49b0-a9d2-525bf8bfed93}</UniqueIdentifier>
    </Filter>
    <Filter Include="imgui-sfml">
      <UniqueIdentifier>{22a3469a-6da1-46c0-9bd5-d7a564c918a1}</UniqueIdentifier>
    </Filter>
    <Filter Include="animation">
      <UniqueIdentifier>{e6f1668f-0681-4f11-89aa-97c99909cdd7}</UniqueIdentifier>
    </Filter>
    <Filter Include="asset_storage">
      <UniqueIdentifier>{4ced9c18-2412-4d55-aca3-15e47f86c364}</UniqueIdentifier>
    </Filter>
    <Filter Include="imgui_debug">
      <UniqueIdentifier>{b3823f54-13d4-4cfd-9fcf-c027fa2e5669}</UniqueIdentifier>
    </Filter>
    <Filter Include="serialization_json">
      <UniqueIdentifier>{eedd4231-fe92-40f5-972c-6027a0141cf2}</UniqueIdentifier>
    </Filter>
    <Filter Include="main">
      <UniqueIdentifier>{4FC737F1-C7A5-4376-A066-2A32D752A2FF}</UniqueIdentifier>
      <Extensions>cpp;c;cc;cxx;def;odl;idl;hpj;bat;asm;asmx</Extensions>
    </Filter>
    <Filter Include="ecs">
      <UniqueIdentifier>{43c5f158-41ef-45a6-a9b2-e789f8db000a}</UniqueIdentifier>
    </Filter>
    <Filter Include="event_system">
      <UniqueIdentifier>{6ece0737-f366-4b30-9ff0-9d9e85742e0e}</UniqueIdentifier>
    </Filter>
    <Filter Include="event_system\events">
      <UniqueIdentifier>{9158fa47-0d0a-4606-b276-46bc0a4fc707}</UniqueIdentifier>
    </Filter>
    <Filter Include="systems">
      <UniqueIdentifier>{eee496a5-2be6-45a2-a10e-5df702a7fd0b}</UniqueIdentifier>
    </Filter>
    <Filter Include="systems\collision">
      <UniqueIdentifier>{fd32c66c-714d-4fb0-b25b-8db856539ad7}</UniqueIdentifier>
    </Filter>
    <Filter Include="components">
      <UniqueIdentifier>{a7e070ba-00cd-4b62-90a6-365d449eda9c}</UniqueIdentifier>
    </Filter>
    <Filter Include="event_system\action_system">
      <UniqueIdentifier>{473fffd8-55ab-45cb-a958-a6942dc56a74}</UniqueIdentifier>
    </Filter>
  </ItemGroup>
  <ItemGroup>
    <ClCompile Include="..\src\main.cpp">
      <Filter>main</Filter>
    </ClCompile>
    <ClCompile Include="..\external\imgui-sfml\imgui-SFML.cpp">
      <Filter>imgui-sfml</Filter>
    </ClCompile>
    <ClCompile Include="..\external\imgui-sfml\imgui\imgui.cpp">
      <Filter>imgui</Filter>
    </ClCompile>
    <ClCompile Include="..\external\imgui-sfml\imgui\imgui_demo.cpp">
      <Filter>imgui</Filter>
    </ClCompile>
    <ClCompile Include="..\external\imgui-sfml\imgui\imgui_draw.cpp">
      <Filter>imgui</Filter>
    </ClCompile>
    <ClCompile Include="..\external\imgui-sfml\imgui\imgui_widgets.cpp">
      <Filter>imgui</Filter>
    </ClCompile>
    <ClCompile Include="..\src\AssetStorage.cpp">
      <Filter>asset_storage</Filter>
    </ClCompile>
    <ClCompile Include="..\src\Animation.cpp">
      <Filter>animation</Filter>
    </ClCompile>
    <ClCompile Include="..\src\ImguiWindows.cpp">
      <Filter>imgui_debug</Filter>
    </ClCompile>
    <ClCompile Include="..\src\jsonSFML.cpp">
      <Filter>serialization_json</Filter>
    </ClCompile>
    <ClCompile Include="..\src\AnimationCollection.cpp">
      <Filter>animation</Filter>
    </ClCompile>
    <ClCompile Include="..\src\Texture.cpp">
      <Filter>animation</Filter>
    </ClCompile>
    <ClCompile Include="..\src\Sprite.cpp">
      <Filter>animation</Filter>
    </ClCompile>
    <ClCompile Include="..\src\EntityRegistry.cpp">
      <Filter>ecs</Filter>
    </ClCompile>
    <ClCompile Include="..\src\SystemRegistry.cpp">
      <Filter>ecs</Filter>
    </ClCompile>
    <ClCompile Include="..\src\Game.cpp">
      <Filter>main</Filter>
    </ClCompile>
    <ClCompile Include="..\src\CollisionSystem.cpp">
      <Filter>systems\collision</Filter>
    </ClCompile>
    <ClCompile Include="..\src\GoombaController.cpp">
      <Filter>systems\collision</Filter>
    </ClCompile>
    <ClCompile Include="..\src\Listener.cpp">
      <Filter>event_system</Filter>
    </ClCompile>
    <ClCompile Include="..\src\ColliderEvent.cpp">
      <Filter>event_system\events</Filter>
    </ClCompile>
    <ClCompile Include="..\src\EventManager.cpp">
      <Filter>event_system</Filter>
    </ClCompile>
    <ClCompile Include="..\src\AnimationSystem.cpp">
      <Filter>systems</Filter>
    </ClCompile>
    <ClCompile Include="..\src\RenderingSystem.cpp">
      <Filter>systems</Filter>
    </ClCompile>
  </ItemGroup>
  <ItemGroup>
    <ClInclude Include="..\external\imgui-sfml\imconfig-SFML.h">
      <Filter>imgui-sfml</Filter>
    </ClInclude>
    <ClInclude Include="..\external\imgui-sfml\imgui-SFML.h">
      <Filter>imgui-sfml</Filter>
    </ClInclude>
    <ClInclude Include="..\external\imgui-sfml\imgui-SFML_export.h">
      <Filter>imgui-sfml</Filter>
    </ClInclude>
    <ClInclude Include="..\external\imgui-sfml\imgui\imconfig.h">
      <Filter>imgui</Filter>
    </ClInclude>
    <ClInclude Include="..\external\imgui-sfml\imgui\imgui.h">
      <Filter>imgui</Filter>
    </ClInclude>
    <ClInclude Include="..\external\imgui-sfml\imgui\imgui_internal.h">
      <Filter>imgui</Filter>
    </ClInclude>
    <ClInclude Include="..\external\imgui-sfml\imgui\imstb_rectpack.h">
      <Filter>imgui</Filter>
    </ClInclude>
    <ClInclude Include="..\external\imgui-sfml\imgui\imstb_textedit.h">
      <Filter>imgui</Filter>
    </ClInclude>
    <ClInclude Include="..\external\imgui-sfml\imgui\imstb_truetype.h">
      <Filter>imgui</Filter>
    </ClInclude>
    <ClInclude Include="..\src\AssetStorage.h">
      <Filter>asset_storage</Filter>
    </ClInclude>
    <ClInclude Include="..\src\Animation.h">
      <Filter>animation</Filter>
    </ClInclude>
    <ClInclude Include="..\src\AnimationFrame.h">
      <Filter>animation</Filter>
    </ClInclude>
    <ClInclude Include="..\src\Sprite.h">
      <Filter>animation</Filter>
    </ClInclude>
    <ClInclude Include="..\src\ImguiWindows.h">
      <Filter>imgui_debug</Filter>
    </ClInclude>
    <ClInclude Include="..\src\Game.h">
      <Filter>main</Filter>
    </ClInclude>
    <ClInclude Include="..\src\Texture.h">
      <Filter>animation</Filter>
    </ClInclude>
    <ClInclude Include="..\src\AnimationCollection.h">
      <Filter>animation</Filter>
    </ClInclude>
    <ClInclude Include="..\src\jsonSFML.h">
      <Filter>serialization_json</Filter>
    </ClInclude>
    <ClInclude Include="..\src\Asset.h">
      <Filter>asset_storage</Filter>
    </ClInclude>
    <ClInclude Include="..\src\Entity.h">
      <Filter>ecs</Filter>
    </ClInclude>
    <ClInclude Include="..\src\ComponentRegistry.h">
      <Filter>ecs</Filter>
    </ClInclude>
    <ClInclude Include="..\src\EntityRegistry.h">
      <Filter>ecs</Filter>
    </ClInclude>
    <ClInclude Include="..\src\System.h">
      <Filter>ecs</Filter>
    </ClInclude>
    <ClInclude Include="..\src\SystemRegistry.h">
      <Filter>ecs</Filter>
    </ClInclude>
    <ClInclude Include="..\src\CollisionSystem.h">
      <Filter>systems\collision</Filter>
    </ClInclude>
    <ClInclude Include="..\src\TEntity.h">
      <Filter>ecs</Filter>
    </ClInclude>
    <ClInclude Include="..\src\GoombaController.h">
      <Filter>systems\collision</Filter>
    </ClInclude>
    <ClInclude Include="..\src\Listener.h">
      <Filter>event_system</Filter>
    </ClInclude>
    <ClInclude Include="..\src\EventManager.h">
      <Filter>event_system</Filter>
    </ClInclude>
    <ClInclude Include="..\src\PauseEvent.h">
      <Filter>event_system\events</Filter>
    </ClInclude>
    <ClInclude Include="..\src\ColliderEvent.h">
      <Filter>event_system\events</Filter>
    </ClInclude>
    <ClInclude Include="..\src\CustomEvent.h">
      <Filter>event_system\events</Filter>
    </ClInclude>
    <ClInclude Include="..\src\AnimationSystem.h">
      <Filter>systems</Filter>
    </ClInclude>
    <ClInclude Include="..\src\RenderingSystem.h">
      <Filter>systems</Filter>
    </ClInclude>
    <ClInclude Include="..\src\ColliderComponent.h">
      <Filter>components</Filter>
    </ClInclude>
    <ClInclude Include="..\src\SpriteComponent.h">
      <Filter>components</Filter>
    </ClInclude>
    <ClInclude Include="..\src\AnimationComponent.h">
      <Filter>components</Filter>
    </ClInclude>
    <ClInclude Include="..\src\Input.h">
      <Filter>event_system\action_system</Filter>
    </ClInclude>
  </ItemGroup>
</Project>